
Microsoft Visual Studio Solution File, Format Version 12.00
# Visual Studio Version 17
VisualStudioVersion = 17.2.32526.322
MinimumVisualStudioVersion = 10.0.40219.1
Project("{FAE04EC0-301F-11D3-BF4B-00C04F79EFBC}") = "Indexers", "Indexers\Indexers.csproj", "{E0A66EC7-2AF6-4BBC-B02A-9021FBCF225C}"
EndProject
Global
	GlobalSection(SolutionConfigurationPlatforms) = preSolution
		Debug|Any CPU = Debug|Any CPU
		Release|Any CPU = Release|Any CPU
	EndGlobalSection
	GlobalSection(ProjectConfigurationPlatforms) = postSolution
		{E0A66EC7-2AF6-4BBC-B02A-9021FBCF225C}.Debug|Any CPU.ActiveCfg = Debug|Any CPU
		{E0A66EC7-2AF6-4BBC-B02A-9021FBCF225C}.Debug|Any CPU.Build.0 = Debug|Any CPU
		{E0A66EC7-2AF6-4BBC-B02A-9021FBCF225C}.Release|Any CPU.ActiveCfg = Release|Any CPU
		{E0A66EC7-2AF6-4BBC-B02A-9021FBCF225C}.Release|Any CPU.Build.0 = Release|Any CPU
	EndGlobalSection
	GlobalSection(SolutionProperties) = preSolution
		HideSolutionNode = FALSE
	EndGlobalSection
	GlobalSection(ExtensibilityGlobals) = postSolution
		SolutionGuid = {D3BED75E-E3B6-4DB8-AB85-D220F845EE3B}
	EndGlobalSection
EndGlobal
